
Microsoft Visual Studio Solution File, Format Version 12.00
# Visual Studio 15
VisualStudioVersion = 15.0.27428.2015
MinimumVisualStudioVersion = 10.0.40219.1
Project("{FAE04EC0-301F-11D3-BF4B-00C04F79EFBC}") = "DynamicList.Android", "DynamicList\DynamicList.Android\DynamicList.Android.csproj", "{24A61523-5E94-4C83-B677-8BE92EA9694D}"
EndProject
Project("{FAE04EC0-301F-11D3-BF4B-00C04F79EFBC}") = "DynamicList.iOS", "DynamicList\DynamicList.iOS\DynamicList.iOS.csproj", "{EB17C7E1-EB4A-4B53-A34F-B52F0C01600B}"
EndProject
Project("{FAE04EC0-301F-11D3-BF4B-00C04F79EFBC}") = "DynamicList.UWP", "DynamicList\DynamicList.UWP\DynamicList.UWP.csproj", "{55A27D4C-A6A1-4A3E-8302-513D10CDB51A}"
EndProject
Project("{FAE04EC0-301F-11D3-BF4B-00C04F79EFBC}") = "DynamicList", "DynamicList\DynamicList\DynamicList.csproj", "{CB89A92C-79E4-46B1-85A2-B2E498920800}"
EndProject
Global
	GlobalSection(SolutionConfigurationPlatforms) = preSolution
		Ad-Hoc|Any CPU = Ad-Hoc|Any CPU
		Ad-Hoc|ARM = Ad-Hoc|ARM
		Ad-Hoc|iPhone = Ad-Hoc|iPhone
		Ad-Hoc|iPhoneSimulator = Ad-Hoc|iPhoneSimulator
		Ad-Hoc|x64 = Ad-Hoc|x64
		Ad-Hoc|x86 = Ad-Hoc|x86
		AppStore|Any CPU = AppStore|Any CPU
		AppStore|ARM = AppStore|ARM
		AppStore|iPhone = AppStore|iPhone
		AppStore|iPhoneSimulator = AppStore|iPhoneSimulator
		AppStore|x64 = AppStore|x64
		AppStore|x86 = AppStore|x86
		Debug|Any CPU = Debug|Any CPU
		Debug|ARM = Debug|ARM
		Debug|iPhone = Debug|iPhone
		Debug|iPhoneSimulator = Debug|iPhoneSimulator
		Debug|x64 = Debug|x64
		Debug|x86 = Debug|x86
		Release|Any CPU = Release|Any CPU
		Release|ARM = Release|ARM
		Release|iPhone = Release|iPhone
		Release|iPhoneSimulator = Release|iPhoneSimulator
		Release|x64 = Release|x64
		Release|x86 = Release|x86
	EndGlobalSection
	GlobalSection(ProjectConfigurationPlatforms) = postSolution
		{24A61523-5E94-4C83-B677-8BE92EA9694D}.Ad-Hoc|Any CPU.ActiveCfg = Release|Any CPU
		{24A61523-5E94-4C83-B677-8BE92EA9694D}.Ad-Hoc|Any CPU.Build.0 = Release|Any CPU
		{24A61523-5E94-4C83-B677-8BE92EA9694D}.Ad-Hoc|Any CPU.Deploy.0 = Release|Any CPU
		{24A61523-5E94-4C83-B677-8BE92EA9694D}.Ad-Hoc|ARM.ActiveCfg = Release|Any CPU
		{24A61523-5E94-4C83-B677-8BE92EA9694D}.Ad-Hoc|ARM.Build.0 = Release|Any CPU
		{24A61523-5E94-4C83-B677-8BE92EA9694D}.Ad-Hoc|ARM.Deploy.0 = Release|Any CPU
		{24A61523-5E94-4C83-B677-8BE92EA9694D}.Ad-Hoc|iPhone.ActiveCfg = Release|Any CPU
		{24A61523-5E94-4C83-B677-8BE92EA9694D}.Ad-Hoc|iPhone.Build.0 = Release|Any CPU
		{24A61523-5E94-4C83-B677-8BE92EA9694D}.Ad-Hoc|iPhone.Deploy.0 = Release|Any CPU
		{24A61523-5E94-4C83-B677-8BE92EA9694D}.Ad-Hoc|iPhoneSimulator.ActiveCfg = Release|Any CPU
		{24A61523-5E94-4C83-B677-8BE92EA9694D}.Ad-Hoc|iPhoneSimulator.Build.0 = Release|Any CPU
		{24A61523-5E94-4C83-B677-8BE92EA9694D}.Ad-Hoc|iPhoneSimulator.Deploy.0 = Release|Any CPU
		{24A61523-5E94-4C83-B677-8BE92EA9694D}.Ad-Hoc|x64.ActiveCfg = Release|Any CPU
		{24A61523-5E94-4C83-B677-8BE92EA9694D}.Ad-Hoc|x64.Build.0 = Release|Any CPU
		{24A61523-5E94-4C83-B677-8BE92EA9694D}.Ad-Hoc|x64.Deploy.0 = Release|Any CPU
		{24A61523-5E94-4C83-B677-8BE92EA9694D}.Ad-Hoc|x86.ActiveCfg = Release|Any CPU
		{24A61523-5E94-4C83-B677-8BE92EA9694D}.Ad-Hoc|x86.Build.0 = Release|Any CPU
		{24A61523-5E94-4C83-B677-8BE92EA9694D}.Ad-Hoc|x86.Deploy.0 = Release|Any CPU
		{24A61523-5E94-4C83-B677-8BE92EA9694D}.AppStore|Any CPU.ActiveCfg = Release|Any CPU
		{24A61523-5E94-4C83-B677-8BE92EA9694D}.AppStore|Any CPU.Build.0 = Release|Any CPU
		{24A61523-5E94-4C83-B677-8BE92EA9694D}.AppStore|Any CPU.Deploy.0 = Release|Any CPU
		{24A61523-5E94-4C83-B677-8BE92EA9694D}.AppStore|ARM.ActiveCfg = Release|Any CPU
		{24A61523-5E94-4C83-B677-8BE92EA9694D}.AppStore|ARM.Build.0 = Release|Any CPU
		{24A61523-5E94-4C83-B677-8BE92EA9694D}.AppStore|ARM.Deploy.0 = Release|Any CPU
		{24A61523-5E94-4C83-B677-8BE92EA9694D}.AppStore|iPhone.ActiveCfg = Release|Any CPU
		{24A61523-5E94-4C83-B677-8BE92EA9694D}.AppStore|iPhone.Build.0 = Release|Any CPU
		{24A61523-5E94-4C83-B677-8BE92EA9694D}.AppStore|iPhone.Deploy.0 = Release|Any CPU
		{24A61523-5E94-4C83-B677-8BE92EA9694D}.AppStore|iPhoneSimulator.ActiveCfg = Release|Any CPU
		{24A61523-5E94-4C83-B677-8BE92EA9694D}.AppStore|iPhoneSimulator.Build.0 = Release|Any CPU
		{24A61523-5E94-4C83-B677-8BE92EA9694D}.AppStore|iPhoneSimulator.Deploy.0 = Release|Any CPU
		{24A61523-5E94-4C83-B677-8BE92EA9694D}.AppStore|x64.ActiveCfg = Release|Any CPU
		{24A61523-5E94-4C83-B677-8BE92EA9694D}.AppStore|x64.Build.0 = Release|Any CPU
		{24A61523-5E94-4C83-B677-8BE92EA9694D}.AppStore|x64.Deploy.0 = Release|Any CPU
		{24A61523-5E94-4C83-B677-8BE92EA9694D}.AppStore|x86.ActiveCfg = Release|Any CPU
		{24A61523-5E94-4C83-B677-8BE92EA9694D}.AppStore|x86.Build.0 = Release|Any CPU
		{24A61523-5E94-4C83-B677-8BE92EA9694D}.AppStore|x86.Deploy.0 = Release|Any CPU
		{24A61523-5E94-4C83-B677-8BE92EA9694D}.Debug|Any CPU.ActiveCfg = Debug|Any CPU
		{24A61523-5E94-4C83-B677-8BE92EA9694D}.Debug|Any CPU.Build.0 = Debug|Any CPU
		{24A61523-5E94-4C83-B677-8BE92EA9694D}.Debug|Any CPU.Deploy.0 = Debug|Any CPU
		{24A61523-5E94-4C83-B677-8BE92EA9694D}.Debug|ARM.ActiveCfg = Debug|Any CPU
		{24A61523-5E94-4C83-B677-8BE92EA9694D}.Debug|ARM.Build.0 = Debug|Any CPU
		{24A61523-5E94-4C83-B677-8BE92EA9694D}.Debug|ARM.Deploy.0 = Debug|Any CPU
		{24A61523-5E94-4C83-B677-8BE92EA9694D}.Debug|iPhone.ActiveCfg = Debug|Any CPU
		{24A61523-5E94-4C83-B677-8BE92EA9694D}.Debug|iPhone.Build.0 = Debug|Any CPU
		{24A61523-5E94-4C83-B677-8BE92EA9694D}.Debug|iPhone.Deploy.0 = Debug|Any CPU
		{24A61523-5E94-4C83-B677-8BE92EA9694D}.Debug|iPhoneSimulator.ActiveCfg = Debug|Any CPU
		{24A61523-5E94-4C83-B677-8BE92EA9694D}.Debug|iPhoneSimulator.Build.0 = Debug|Any CPU
		{24A61523-5E94-4C83-B677-8BE92EA9694D}.Debug|iPhoneSimulator.Deploy.0 = Debug|Any CPU
		{24A61523-5E94-4C83-B677-8BE92EA9694D}.Debug|x64.ActiveCfg = Debug|Any CPU
		{24A61523-5E94-4C83-B677-8BE92EA9694D}.Debug|x64.Build.0 = Debug|Any CPU
		{24A61523-5E94-4C83-B677-8BE92EA9694D}.Debug|x64.Deploy.0 = Debug|Any CPU
		{24A61523-5E94-4C83-B677-8BE92EA9694D}.Debug|x86.ActiveCfg = Debug|Any CPU
		{24A61523-5E94-4C83-B677-8BE92EA9694D}.Debug|x86.Build.0 = Debug|Any CPU
		{24A61523-5E94-4C83-B677-8BE92EA9694D}.Debug|x86.Deploy.0 = Debug|Any CPU
		{24A61523-5E94-4C83-B677-8BE92EA9694D}.Release|Any CPU.ActiveCfg = Release|Any CPU
		{24A61523-5E94-4C83-B677-8BE92EA9694D}.Release|Any CPU.Build.0 = Release|Any CPU
		{24A61523-5E94-4C83-B677-8BE92EA9694D}.Release|Any CPU.Deploy.0 = Release|Any CPU
		{24A61523-5E94-4C83-B677-8BE92EA9694D}.Release|ARM.ActiveCfg = Release|Any CPU
		{24A61523-5E94-4C83-B677-8BE92EA9694D}.Release|ARM.Build.0 = Release|Any CPU
		{24A61523-5E94-4C83-B677-8BE92EA9694D}.Release|ARM.Deploy.0 = Release|Any CPU
		{24A61523-5E94-4C83-B677-8BE92EA9694D}.Release|iPhone.ActiveCfg = Release|Any CPU
		{24A61523-5E94-4C83-B677-8BE92EA9694D}.Release|iPhone.Build.0 = Release|Any CPU
		{24A61523-5E94-4C83-B677-8BE92EA9694D}.Release|iPhone.Deploy.0 = Release|Any CPU
		{24A61523-5E94-4C83-B677-8BE92EA9694D}.Release|iPhoneSimulator.ActiveCfg = Release|Any CPU
		{24A61523-5E94-4C83-B677-8BE92EA9694D}.Release|iPhoneSimulator.Build.0 = Release|Any CPU
		{24A61523-5E94-4C83-B677-8BE92EA9694D}.Release|iPhoneSimulator.Deploy.0 = Release|Any CPU
		{24A61523-5E94-4C83-B677-8BE92EA9694D}.Release|x64.ActiveCfg = Release|Any CPU
		{24A61523-5E94-4C83-B677-8BE92EA9694D}.Release|x64.Build.0 = Release|Any CPU
		{24A61523-5E94-4C83-B677-8BE92EA9694D}.Release|x64.Deploy.0 = Release|Any CPU
		{24A61523-5E94-4C83-B677-8BE92EA9694D}.Release|x86.ActiveCfg = Release|Any CPU
		{24A61523-5E94-4C83-B677-8BE92EA9694D}.Release|x86.Build.0 = Release|Any CPU
		{24A61523-5E94-4C83-B677-8BE92EA9694D}.Release|x86.Deploy.0 = Release|Any CPU
		{EB17C7E1-EB4A-4B53-A34F-B52F0C01600B}.Ad-Hoc|Any CPU.ActiveCfg = Ad-Hoc|iPhone
		{EB17C7E1-EB4A-4B53-A34F-B52F0C01600B}.Ad-Hoc|ARM.ActiveCfg = Ad-Hoc|iPhone
		{EB17C7E1-EB4A-4B53-A34F-B52F0C01600B}.Ad-Hoc|iPhone.ActiveCfg = Ad-Hoc|iPhone
		{EB17C7E1-EB4A-4B53-A34F-B52F0C01600B}.Ad-Hoc|iPhone.Build.0 = Ad-Hoc|iPhone
		{EB17C7E1-EB4A-4B53-A34F-B52F0C01600B}.Ad-Hoc|iPhoneSimulator.ActiveCfg = Ad-Hoc|iPhoneSimulator
		{EB17C7E1-EB4A-4B53-A34F-B52F0C01600B}.Ad-Hoc|iPhoneSimulator.Build.0 = Ad-Hoc|iPhoneSimulator
		{EB17C7E1-EB4A-4B53-A34F-B52F0C01600B}.Ad-Hoc|x64.ActiveCfg = Ad-Hoc|iPhone
		{EB17C7E1-EB4A-4B53-A34F-B52F0C01600B}.Ad-Hoc|x86.ActiveCfg = Ad-Hoc|iPhone
		{EB17C7E1-EB4A-4B53-A34F-B52F0C01600B}.AppStore|Any CPU.ActiveCfg = AppStore|iPhone
		{EB17C7E1-EB4A-4B53-A34F-B52F0C01600B}.AppStore|ARM.ActiveCfg = AppStore|iPhone
		{EB17C7E1-EB4A-4B53-A34F-B52F0C01600B}.AppStore|iPhone.ActiveCfg = AppStore|iPhone
		{EB17C7E1-EB4A-4B53-A34F-B52F0C01600B}.AppStore|iPhone.Build.0 = AppStore|iPhone
		{EB17C7E1-EB4A-4B53-A34F-B52F0C01600B}.AppStore|iPhoneSimulator.ActiveCfg = AppStore|iPhoneSimulator
		{EB17C7E1-EB4A-4B53-A34F-B52F0C01600B}.AppStore|iPhoneSimulator.Build.0 = AppStore|iPhoneSimulator
		{EB17C7E1-EB4A-4B53-A34F-B52F0C01600B}.AppStore|x64.ActiveCfg = AppStore|iPhone
		{EB17C7E1-EB4A-4B53-A34F-B52F0C01600B}.AppStore|x86.ActiveCfg = AppStore|iPhone
		{EB17C7E1-EB4A-4B53-A34F-B52F0C01600B}.Debug|Any CPU.ActiveCfg = Debug|iPhone
		{EB17C7E1-EB4A-4B53-A34F-B52F0C01600B}.Debug|ARM.ActiveCfg = Debug|iPhone
		{EB17C7E1-EB4A-4B53-A34F-B52F0C01600B}.Debug|iPhone.ActiveCfg = Debug|iPhone
		{EB17C7E1-EB4A-4B53-A34F-B52F0C01600B}.Debug|iPhone.Build.0 = Debug|iPhone
		{EB17C7E1-EB4A-4B53-A34F-B52F0C01600B}.Debug|iPhoneSimulator.ActiveCfg = Debug|iPhoneSimulator
		{EB17C7E1-EB4A-4B53-A34F-B52F0C01600B}.Debug|iPhoneSimulator.Build.0 = Debug|iPhoneSimulator
		{EB17C7E1-EB4A-4B53-A34F-B52F0C01600B}.Debug|x64.ActiveCfg = Debug|iPhone
		{EB17C7E1-EB4A-4B53-A34F-B52F0C01600B}.Debug|x86.ActiveCfg = Debug|iPhone
		{EB17C7E1-EB4A-4B53-A34F-B52F0C01600B}.Release|Any CPU.ActiveCfg = Release|iPhone
		{EB17C7E1-EB4A-4B53-A34F-B52F0C01600B}.Release|ARM.ActiveCfg = Release|iPhone
		{EB17C7E1-EB4A-4B53-A34F-B52F0C01600B}.Release|iPhone.ActiveCfg = Release|iPhone
		{EB17C7E1-EB4A-4B53-A34F-B52F0C01600B}.Release|iPhone.Build.0 = Release|iPhone
		{EB17C7E1-EB4A-4B53-A34F-B52F0C01600B}.Release|iPhoneSimulator.ActiveCfg = Release|iPhoneSimulator
		{EB17C7E1-EB4A-4B53-A34F-B52F0C01600B}.Release|iPhoneSimulator.Build.0 = Release|iPhoneSimulator
		{EB17C7E1-EB4A-4B53-A34F-B52F0C01600B}.Release|x64.ActiveCfg = Release|iPhone
		{EB17C7E1-EB4A-4B53-A34F-B52F0C01600B}.Release|x86.ActiveCfg = Release|iPhone
		{55A27D4C-A6A1-4A3E-8302-513D10CDB51A}.Ad-Hoc|Any CPU.ActiveCfg = Release|x86
		{55A27D4C-A6A1-4A3E-8302-513D10CDB51A}.Ad-Hoc|Any CPU.Build.0 = Release|x86
		{55A27D4C-A6A1-4A3E-8302-513D10CDB51A}.Ad-Hoc|Any CPU.Deploy.0 = Release|x86
		{55A27D4C-A6A1-4A3E-8302-513D10CDB51A}.Ad-Hoc|ARM.ActiveCfg = Release|ARM
		{55A27D4C-A6A1-4A3E-8302-513D10CDB51A}.Ad-Hoc|ARM.Build.0 = Release|ARM
		{55A27D4C-A6A1-4A3E-8302-513D10CDB51A}.Ad-Hoc|ARM.Deploy.0 = Release|ARM
		{55A27D4C-A6A1-4A3E-8302-513D10CDB51A}.Ad-Hoc|iPhone.ActiveCfg = Release|x86
		{55A27D4C-A6A1-4A3E-8302-513D10CDB51A}.Ad-Hoc|iPhone.Build.0 = Release|x86
		{55A27D4C-A6A1-4A3E-8302-513D10CDB51A}.Ad-Hoc|iPhone.Deploy.0 = Release|x86
		{55A27D4C-A6A1-4A3E-8302-513D10CDB51A}.Ad-Hoc|iPhoneSimulator.ActiveCfg = Release|x86
		{55A27D4C-A6A1-4A3E-8302-513D10CDB51A}.Ad-Hoc|iPhoneSimulator.Build.0 = Release|x86
		{55A27D4C-A6A1-4A3E-8302-513D10CDB51A}.Ad-Hoc|iPhoneSimulator.Deploy.0 = Release|x86
		{55A27D4C-A6A1-4A3E-8302-513D10CDB51A}.Ad-Hoc|x64.ActiveCfg = Release|x64
		{55A27D4C-A6A1-4A3E-8302-513D10CDB51A}.Ad-Hoc|x64.Build.0 = Release|x64
		{55A27D4C-A6A1-4A3E-8302-513D10CDB51A}.Ad-Hoc|x64.Deploy.0 = Release|x64
		{55A27D4C-A6A1-4A3E-8302-513D10CDB51A}.Ad-Hoc|x86.ActiveCfg = Release|x86
		{55A27D4C-A6A1-4A3E-8302-513D10CDB51A}.Ad-Hoc|x86.Build.0 = Release|x86
		{55A27D4C-A6A1-4A3E-8302-513D10CDB51A}.Ad-Hoc|x86.Deploy.0 = Release|x86
		{55A27D4C-A6A1-4A3E-8302-513D10CDB51A}.AppStore|Any CPU.ActiveCfg = Release|x86
		{55A27D4C-A6A1-4A3E-8302-513D10CDB51A}.AppStore|Any CPU.Build.0 = Release|x86
		{55A27D4C-A6A1-4A3E-8302-513D10CDB51A}.AppStore|Any CPU.Deploy.0 = Release|x86
		{55A27D4C-A6A1-4A3E-8302-513D10CDB51A}.AppStore|ARM.ActiveCfg = Release|ARM
		{55A27D4C-A6A1-4A3E-8302-513D10CDB51A}.AppStore|ARM.Build.0 = Release|ARM
		{55A27D4C-A6A1-4A3E-8302-513D10CDB51A}.AppStore|ARM.Deploy.0 = Release|ARM
		{55A27D4C-A6A1-4A3E-8302-513D10CDB51A}.AppStore|iPhone.ActiveCfg = Release|x86
		{55A27D4C-A6A1-4A3E-8302-513D10CDB51A}.AppStore|iPhone.Build.0 = Release|x86
		{55A27D4C-A6A1-4A3E-8302-513D10CDB51A}.AppStore|iPhone.Deploy.0 = Release|x86
		{55A27D4C-A6A1-4A3E-8302-513D10CDB51A}.AppStore|iPhoneSimulator.ActiveCfg = Release|x86
		{55A27D4C-A6A1-4A3E-8302-513D10CDB51A}.AppStore|iPhoneSimulator.Build.0 = Release|x86
		{55A27D4C-A6A1-4A3E-8302-513D10CDB51A}.AppStore|iPhoneSimulator.Deploy.0 = Release|x86
		{55A27D4C-A6A1-4A3E-8302-513D10CDB51A}.AppStore|x64.ActiveCfg = Release|x64
		{55A27D4C-A6A1-4A3E-8302-513D10CDB51A}.AppStore|x64.Build.0 = Release|x64
		{55A27D4C-A6A1-4A3E-8302-513D10CDB51A}.AppStore|x64.Deploy.0 = Release|x64
		{55A27D4C-A6A1-4A3E-8302-513D10CDB51A}.AppStore|x86.ActiveCfg = Release|x86
		{55A27D4C-A6A1-4A3E-8302-513D10CDB51A}.AppStore|x86.Build.0 = Release|x86
		{55A27D4C-A6A1-4A3E-8302-513D10CDB51A}.AppStore|x86.Deploy.0 = Release|x86
		{55A27D4C-A6A1-4A3E-8302-513D10CDB51A}.Debug|Any CPU.ActiveCfg = Debug|x86
		{55A27D4C-A6A1-4A3E-8302-513D10CDB51A}.Debug|ARM.ActiveCfg = Debug|ARM
		{55A27D4C-A6A1-4A3E-8302-513D10CDB51A}.Debug|ARM.Build.0 = Debug|ARM
		{55A27D4C-A6A1-4A3E-8302-513D10CDB51A}.Debug|ARM.Deploy.0 = Debug|ARM
		{55A27D4C-A6A1-4A3E-8302-513D10CDB51A}.Debug|iPhone.ActiveCfg = Debug|x86
		{55A27D4C-A6A1-4A3E-8302-513D10CDB51A}.Debug|iPhoneSimulator.ActiveCfg = Debug|x86
		{55A27D4C-A6A1-4A3E-8302-513D10CDB51A}.Debug|x64.ActiveCfg = Debug|x64
		{55A27D4C-A6A1-4A3E-8302-513D10CDB51A}.Debug|x64.Build.0 = Debug|x64
		{55A27D4C-A6A1-4A3E-8302-513D10CDB51A}.Debug|x64.Deploy.0 = Debug|x64
		{55A27D4C-A6A1-4A3E-8302-513D10CDB51A}.Debug|x86.ActiveCfg = Debug|x86
		{55A27D4C-A6A1-4A3E-8302-513D10CDB51A}.Debug|x86.Build.0 = Debug|x86
		{55A27D4C-A6A1-4A3E-8302-513D10CDB51A}.Debug|x86.Deploy.0 = Debug|x86
		{55A27D4C-A6A1-4A3E-8302-513D10CDB51A}.Release|Any CPU.ActiveCfg = Release|x86
		{55A27D4C-A6A1-4A3E-8302-513D10CDB51A}.Release|ARM.ActiveCfg = Release|ARM
		{55A27D4C-A6A1-4A3E-8302-513D10CDB51A}.Release|ARM.Build.0 = Release|ARM
		{55A27D4C-A6A1-4A3E-8302-513D10CDB51A}.Release|ARM.Deploy.0 = Release|ARM
		{55A27D4C-A6A1-4A3E-8302-513D10CDB51A}.Release|iPhone.ActiveCfg = Release|x86
		{55A27D4C-A6A1-4A3E-8302-513D10CDB51A}.Release|iPhoneSimulator.ActiveCfg = Release|x86
		{55A27D4C-A6A1-4A3E-8302-513D10CDB51A}.Release|x64.ActiveCfg = Release|x64
		{55A27D4C-A6A1-4A3E-8302-513D10CDB51A}.Release|x64.Build.0 = Release|x64
		{55A27D4C-A6A1-4A3E-8302-513D10CDB51A}.Release|x64.Deploy.0 = Release|x64
		{55A27D4C-A6A1-4A3E-8302-513D10CDB51A}.Release|x86.ActiveCfg = Release|x86
		{55A27D4C-A6A1-4A3E-8302-513D10CDB51A}.Release|x86.Build.0 = Release|x86
		{55A27D4C-A6A1-4A3E-8302-513D10CDB51A}.Release|x86.Deploy.0 = Release|x86
		{CB89A92C-79E4-46B1-85A2-B2E498920800}.Ad-Hoc|Any CPU.ActiveCfg = Debug|Any CPU
		{CB89A92C-79E4-46B1-85A2-B2E498920800}.Ad-Hoc|Any CPU.Build.0 = Debug|Any CPU
		{CB89A92C-79E4-46B1-85A2-B2E498920800}.Ad-Hoc|ARM.ActiveCfg = Debug|Any CPU
		{CB89A92C-79E4-46B1-85A2-B2E498920800}.Ad-Hoc|ARM.Build.0 = Debug|Any CPU
		{CB89A92C-79E4-46B1-85A2-B2E498920800}.Ad-Hoc|iPhone.ActiveCfg = Debug|Any CPU
		{CB89A92C-79E4-46B1-85A2-B2E498920800}.Ad-Hoc|iPhone.Build.0 = Debug|Any CPU
		{CB89A92C-79E4-46B1-85A2-B2E498920800}.Ad-Hoc|iPhoneSimulator.ActiveCfg = Debug|Any CPU
		{CB89A92C-79E4-46B1-85A2-B2E498920800}.Ad-Hoc|iPhoneSimulator.Build.0 = Debug|Any CPU
		{CB89A92C-79E4-46B1-85A2-B2E498920800}.Ad-Hoc|x64.ActiveCfg = Debug|Any CPU
		{CB89A92C-79E4-46B1-85A2-B2E498920800}.Ad-Hoc|x64.Build.0 = Debug|Any CPU
		{CB89A92C-79E4-46B1-85A2-B2E498920800}.Ad-Hoc|x86.ActiveCfg = Debug|Any CPU
		{CB89A92C-79E4-46B1-85A2-B2E498920800}.Ad-Hoc|x86.Build.0 = Debug|Any CPU
		{CB89A92C-79E4-46B1-85A2-B2E498920800}.AppStore|Any CPU.ActiveCfg = Debug|Any CPU
		{CB89A92C-79E4-46B1-85A2-B2E498920800}.AppStore|Any CPU.Build.0 = Debug|Any CPU
		{CB89A92C-79E4-46B1-85A2-B2E498920800}.AppStore|ARM.ActiveCfg = Debug|Any CPU
		{CB89A92C-79E4-46B1-85A2-B2E498920800}.AppStore|ARM.Build.0 = Debug|Any CPU
		{CB89A92C-79E4-46B1-85A2-B2E498920800}.AppStore|iPhone.ActiveCfg = Debug|Any CPU
		{CB89A92C-79E4-46B1-85A2-B2E498920800}.AppStore|iPhone.Build.0 = Debug|Any CPU
		{CB89A92C-79E4-46B1-85A2-B2E498920800}.AppStore|iPhoneSimulator.ActiveCfg = Debug|Any CPU
		{CB89A92C-79E4-46B1-85A2-B2E498920800}.AppStore|iPhoneSimulator.Build.0 = Debug|Any CPU
		{CB89A92C-79E4-46B1-85A2-B2E498920800}.AppStore|x64.ActiveCfg = Debug|Any CPU
		{CB89A92C-79E4-46B1-85A2-B2E498920800}.AppStore|x64.Build.0 = Debug|Any CPU
		{CB89A92C-79E4-46B1-85A2-B2E498920800}.AppStore|x86.ActiveCfg = Debug|Any CPU
		{CB89A92C-79E4-46B1-85A2-B2E498920800}.AppStore|x86.Build.0 = Debug|Any CPU
		{CB89A92C-79E4-46B1-85A2-B2E498920800}.Debug|Any CPU.ActiveCfg = Debug|Any CPU
		{CB89A92C-79E4-46B1-85A2-B2E498920800}.Debug|Any CPU.Build.0 = Debug|Any CPU
		{CB89A92C-79E4-46B1-85A2-B2E498920800}.Debug|ARM.ActiveCfg = Debug|Any CPU
		{CB89A92C-79E4-46B1-85A2-B2E498920800}.Debug|ARM.Build.0 = Debug|Any CPU
		{CB89A92C-79E4-46B1-85A2-B2E498920800}.Debug|iPhone.ActiveCfg = Debug|Any CPU
		{CB89A92C-79E4-46B1-85A2-B2E498920800}.Debug|iPhone.Build.0 = Debug|Any CPU
		{CB89A92C-79E4-46B1-85A2-B2E498920800}.Debug|iPhoneSimulator.ActiveCfg = Debug|Any CPU
		{CB89A92C-79E4-46B1-85A2-B2E498920800}.Debug|iPhoneSimulator.Build.0 = Debug|Any CPU
		{CB89A92C-79E4-46B1-85A2-B2E498920800}.Debug|x64.ActiveCfg = Debug|Any CPU
		{CB89A92C-79E4-46B1-85A2-B2E498920800}.Debug|x64.Build.0 = Debug|Any CPU
		{CB89A92C-79E4-46B1-85A2-B2E498920800}.Debug|x86.ActiveCfg = Debug|Any CPU
		{CB89A92C-79E4-46B1-85A2-B2E498920800}.Debug|x86.Build.0 = Debug|Any CPU
		{CB89A92C-79E4-46B1-85A2-B2E498920800}.Release|Any CPU.ActiveCfg = Release|Any CPU
		{CB89A92C-79E4-46B1-85A2-B2E498920800}.Release|Any CPU.Build.0 = Release|Any CPU
		{CB89A92C-79E4-46B1-85A2-B2E498920800}.Release|ARM.ActiveCfg = Release|Any CPU
		{CB89A92C-79E4-46B1-85A2-B2E498920800}.Release|ARM.Build.0 = Release|Any CPU
		{CB89A92C-79E4-46B1-85A2-B2E498920800}.Release|iPhone.ActiveCfg = Release|Any CPU
		{CB89A92C-79E4-46B1-85A2-B2E498920800}.Release|iPhone.Build.0 = Release|Any CPU
		{CB89A92C-79E4-46B1-85A2-B2E498920800}.Release|iPhoneSimulator.ActiveCfg = Release|Any CPU
		{CB89A92C-79E4-46B1-85A2-B2E498920800}.Release|iPhoneSimulator.Build.0 = Release|Any CPU
		{CB89A92C-79E4-46B1-85A2-B2E498920800}.Release|x64.ActiveCfg = Release|Any CPU
		{CB89A92C-79E4-46B1-85A2-B2E498920800}.Release|x64.Build.0 = Release|Any CPU
		{CB89A92C-79E4-46B1-85A2-B2E498920800}.Release|x86.ActiveCfg = Release|Any CPU
		{CB89A92C-79E4-46B1-85A2-B2E498920800}.Release|x86.Build.0 = Release|Any CPU
	EndGlobalSection
	GlobalSection(SolutionProperties) = preSolution
		HideSolutionNode = FALSE
	EndGlobalSection
	GlobalSection(ExtensibilityGlobals) = postSolution
		SolutionGuid = {EA52888B-6BE8-48E6-8F6E-4BB29C1B1BF4}
	EndGlobalSection
EndGlobal
